// !$*UTF8*$!
{
	archiveVersion = 1;
	classes = {
	};
	objectVersion = 46;
	objects = {

/* Begin PBXBuildFile section */
		78CCC0631BEC4E07003A3B5C /* main.m in Sources */ = {isa = PBXBuildFile; fileRef = 78CCC0621BEC4E07003A3B5C /* main.m */; };
		78CCC0661BEC4E07003A3B5C /* AppDelegate.m in Sources */ = {isa = PBXBuildFile; fileRef = 78CCC0651BEC4E07003A3B5C /* AppDelegate.m */; };
		78CCC0691BEC4E07003A3B5C /* ViewController.m in Sources */ = {isa = PBXBuildFile; fileRef = 78CCC0681BEC4E07003A3B5C /* ViewController.m */; };
		78CCC06C1BEC4E07003A3B5C /* Main.storyboard in Resources */ = {isa = PBXBuildFile; fileRef = 78CCC06A1BEC4E07003A3B5C /* Main.storyboard */; };
		78CCC06E1BEC4E07003A3B5C /* Assets.xcassets in Resources */ = {isa = PBXBuildFile; fileRef = 78CCC06D1BEC4E07003A3B5C /* Assets.xcassets */; };
		78CCC0711BEC4E07003A3B5C /* LaunchScreen.storyboard in Resources */ = {isa = PBXBuildFile; fileRef = 78CCC06F1BEC4E07003A3B5C /* LaunchScreen.storyboard */; };
		78CCC0821BEC4E19003A3B5C /* KRBeaconCentral.m in Sources */ = {isa = PBXBuildFile; fileRef = 78CCC07B1BEC4E18003A3B5C /* KRBeaconCentral.m */; };
		78CCC0831BEC4E19003A3B5C /* KRBeaconPeripheral.m in Sources */ = {isa = PBXBuildFile; fileRef = 78CCC07D1BEC4E18003A3B5C /* KRBeaconPeripheral.m */; };
		78CCC0841BEC4E19003A3B5C /* KRBeaconFinder.m in Sources */ = {isa = PBXBuildFile; fileRef = 78CCC07F1BEC4E18003A3B5C /* KRBeaconFinder.m */; };
		78CCC0851BEC4E19003A3B5C /* KRBeaconOne.m in Sources */ = {isa = PBXBuildFile; fileRef = 78CCC0811BEC4E19003A3B5C /* KRBeaconOne.m */; };
/* End PBXBuildFile section */

/* Begin PBXFileReference section */
		78CCC05E1BEC4E07003A3B5C /* iBeaconDemo-Objc.app */ = {isa = PBXFileReference; explicitFileType = wrapper.application; includeInIndex = 0; path = "iBeaconDemo-Objc.app"; sourceTree = BUILT_PRODUCTS_DIR; };
		78CCC0621BEC4E07003A3B5C /* main.m */ = {isa = PBXFileReference; lastKnownFileType = sourcecode.c.objc; path = main.m; sourceTree = "<group>"; };
		78CCC0641BEC4E07003A3B5C /* AppDelegate.h */ = {isa = PBXFileReference; lastKnownFileType = sourcecode.c.h; path = AppDelegate.h; sourceTree = "<group>"; };
		78CCC0651BEC4E07003A3B5C /* AppDelegate.m */ = {isa = PBXFileReference; lastKnownFileType = sourcecode.c.objc; path = AppDelegate.m; sourceTree = "<group>"; };
		78CCC0671BEC4E07003A3B5C /* ViewController.h */ = {isa = PBXFileReference; lastKnownFileType = sourcecode.c.h; path = ViewController.h; sourceTree = "<group>"; };
		78CCC0681BEC4E07003A3B5C /* ViewController.m */ = {isa = PBXFileReference; lastKnownFileType = sourcecode.c.objc; path = ViewController.m; sourceTree = "<group>"; };
		78CCC06B1BEC4E07003A3B5C /* Base */ = {isa = PBXFileReference; lastKnownFileType = file.storyboard; name = Base; path = Base.lproj/Main.storyboard; sourceTree = "<group>"; };
		78CCC06D1BEC4E07003A3B5C /* Assets.xcassets */ = {isa = PBXFileReference; lastKnownFileType = folder.assetcatalog; path = Assets.xcassets; sourceTree = "<group>"; };
		78CCC0701BEC4E07003A3B5C /* Base */ = {isa = PBXFileReference; lastKnownFileType = file.storyboard; name = Base; path = Base.lproj/LaunchScreen.storyboard; sourceTree = "<group>"; };
		78CCC0721BEC4E07003A3B5C /* Info.plist */ = {isa = PBXFileReference; lastKnownFileType = text.plist.xml; path = Info.plist; sourceTree = "<group>"; };
		78CCC07A1BEC4E18003A3B5C /* KRBeaconCentral.h */ = {isa = PBXFileReference; fileEncoding = 4; lastKnownFileType = sourcecode.c.h; path = KRBeaconCentral.h; sourceTree = "<group>"; };
		78CCC07B1BEC4E18003A3B5C /* KRBeaconCentral.m */ = {isa = PBXFileReference; fileEncoding = 4; lastKnownFileType = sourcecode.c.objc; path = KRBeaconCentral.m; sourceTree = "<group>"; };
		78CCC07C1BEC4E18003A3B5C /* KRBeaconPeripheral.h */ = {isa = PBXFileReference; fileEncoding = 4; lastKnownFileType = sourcecode.c.h; path = KRBeaconPeripheral.h; sourceTree = "<group>"; };
		78CCC07D1BEC4E18003A3B5C /* KRBeaconPeripheral.m */ = {isa = PBXFileReference; fileEncoding = 4; lastKnownFileType = sourcecode.c.objc; path = KRBeaconPeripheral.m; sourceTree = "<group>"; };
		78CCC07E1BEC4E18003A3B5C /* KRBeaconFinder.h */ = {isa = PBXFileReference; fileEncoding = 4; lastKnownFileType = sourcecode.c.h; path = KRBeaconFinder.h; sourceTree = "<group>"; };
		78CCC07F1BEC4E18003A3B5C /* KRBeaconFinder.m */ = {isa = PBXFileReference; fileEncoding = 4; lastKnownFileType = sourcecode.c.objc; path = KRBeaconFinder.m; sourceTree = "<group>"; };
		78CCC0801BEC4E18003A3B5C /* KRBeaconOne.h */ = {isa = PBXFileReference; fileEncoding = 4; lastKnownFileType = sourcecode.c.h; path = KRBeaconOne.h; sourceTree = "<group>"; };
		78CCC0811BEC4E19003A3B5C /* KRBeaconOne.m */ = {isa = PBXFileReference; fileEncoding = 4; lastKnownFileType = sourcecode.c.objc; path = KRBeaconOne.m; sourceTree = "<group>"; };
/* End PBXFileReference section */

/* Begin PBXFrameworksBuildPhase section */
		78CCC05B1BEC4E07003A3B5C /* Frameworks */ = {
			isa = PBXFrameworksBuildPhase;
			buildActionMask = 2147483647;
			files = (
			);
			runOnlyForDeploymentPostprocessing = 0;
		};
/* End PBXFrameworksBuildPhase section */

/* Begin PBXGroup section */
		78CCC0551BEC4E07003A3B5C = {
			isa = PBXGroup;
			children = (
				78CCC0781BEC4E18003A3B5C /* KRBeaconFinder */,
				78CCC0601BEC4E07003A3B5C /* iBeaconDemo-Objc */,
				78CCC05F1BEC4E07003A3B5C /* Products */,
			);
			sourceTree = "<group>";
		};
		78CCC05F1BEC4E07003A3B5C /* Products */ = {
			isa = PBXGroup;
			children = (
				78CCC05E1BEC4E07003A3B5C /* iBeaconDemo-Objc.app */,
			);
			name = Products;
			sourceTree = "<group>";
		};
		78CCC0601BEC4E07003A3B5C /* iBeaconDemo-Objc */ = {
			isa = PBXGroup;
			children = (
				78CCC0641BEC4E07003A3B5C /* AppDelegate.h */,
				78CCC0651BEC4E07003A3B5C /* AppDelegate.m */,
				78CCC0671BEC4E07003A3B5C /* ViewController.h */,
				78CCC0681BEC4E07003A3B5C /* ViewController.m */,
				78CCC06A1BEC4E07003A3B5C /* Main.storyboard */,
				78CCC06D1BEC4E07003A3B5C /* Assets.xcassets */,
				78CCC06F1BEC4E07003A3B5C /* LaunchScreen.storyboard */,
				78CCC0721BEC4E07003A3B5C /* Info.plist */,
				78CCC0611BEC4E07003A3B5C /* Supporting Files */,
			);
			path = "iBeaconDemo-Objc";
			sourceTree = "<group>";
		};
		78CCC0611BEC4E07003A3B5C /* Supporting Files */ = {
			isa = PBXGroup;
			children = (
				78CCC0621BEC4E07003A3B5C /* main.m */,
			);
			name = "Supporting Files";
			sourceTree = "<group>";
		};
		78CCC0781BEC4E18003A3B5C /* KRBeaconFinder */ = {
			isa = PBXGroup;
			children = (
				78CCC0791BEC4E18003A3B5C /* BLE */,
				78CCC07E1BEC4E18003A3B5C /* KRBeaconFinder.h */,
				78CCC07F1BEC4E18003A3B5C /* KRBeaconFinder.m */,
				78CCC0801BEC4E18003A3B5C /* KRBeaconOne.h */,
				78CCC0811BEC4E19003A3B5C /* KRBeaconOne.m */,
			);
			name = KRBeaconFinder;
			path = ../KRBeaconFinder;
			sourceTree = "<group>";
		};
		78CCC0791BEC4E18003A3B5C /* BLE */ = {
			isa = PBXGroup;
			children = (
				78CCC07A1BEC4E18003A3B5C /* KRBeaconCentral.h */,
				78CCC07B1BEC4E18003A3B5C /* KRBeaconCentral.m */,
				78CCC07C1BEC4E18003A3B5C /* KRBeaconPeripheral.h */,
				78CCC07D1BEC4E18003A3B5C /* KRBeaconPeripheral.m */,
			);
			path = BLE;
			sourceTree = "<group>";
		};
/* End PBXGroup section */

/* Begin PBXNativeTarget section */
		78CCC05D1BEC4E07003A3B5C /* iBeaconDemo-Objc */ = {
			isa = PBXNativeTarget;
			buildConfigurationList = 78CCC0751BEC4E07003A3B5C /* Build configuration list for PBXNativeTarget "iBeaconDemo-Objc" */;
			buildPhases = (
				78CCC05A1BEC4E07003A3B5C /* Sources */,
				78CCC05B1BEC4E07003A3B5C /* Frameworks */,
				78CCC05C1BEC4E07003A3B5C /* Resources */,
			);
			buildRules = (
			);
			dependencies = (
			);
			name = "iBeaconDemo-Objc";
			productName = "iBeaconDemo-Objc";
			productReference = 78CCC05E1BEC4E07003A3B5C /* iBeaconDemo-Objc.app */;
			productType = "com.apple.product-type.application";
		};
/* End PBXNativeTarget section */

/* Begin PBXProject section */
		78CCC0561BEC4E07003A3B5C /* Project object */ = {
			isa = PBXProject;
			attributes = {
				LastUpgradeCheck = 0710;
				ORGANIZATIONNAME = "kan xu";
				TargetAttributes = {
					78CCC05D1BEC4E07003A3B5C = {
						CreatedOnToolsVersion = 7.1;
					};
				};
			};
			buildConfigurationList = 78CCC0591BEC4E07003A3B5C /* Build configuration list for PBXProject "iBeaconDemo-Objc" */;
			compatibilityVersion = "Xcode 3.2";
			developmentRegion = English;
			hasScannedForEncodings = 0;
			knownRegions = (
				en,
				Base,
			);
			mainGroup = 78CCC0551BEC4E07003A3B5C;
			productRefGroup = 78CCC05F1BEC4E07003A3B5C /* Products */;
			projectDirPath = "";
			projectRoot = "";
			targets = (
				78CCC05D1BEC4E07003A3B5C /* iBeaconDemo-Objc */,
			);
		};
/* End PBXProject section */

/* Begin PBXResourcesBuildPhase section */
		78CCC05C1BEC4E07003A3B5C /* Resources */ = {
			isa = PBXResourcesBuildPhase;
			buildActionMask = 2147483647;
			files = (
				78CCC0711BEC4E07003A3B5C /* LaunchScreen.storyboard in Resources */,
				78CCC06E1BEC4E07003A3B5C /* Assets.xcassets in Resources */,
				78CCC06C1BEC4E07003A3B5C /* Main.storyboard in Resources */,
			);
			runOnlyForDeploymentPostprocessing = 0;
		};
/* End PBXResourcesBuildPhase section */

/* Begin PBXSourcesBuildPhase section */
		78CCC05A1BEC4E07003A3B5C /* Sources */ = {
			isa = PBXSourcesBuildPhase;
			buildActionMask = 2147483647;
			files = (
				78CCC0691BEC4E07003A3B5C /* ViewController.m in Sources */,
				78CCC0661BEC4E07003A3B5C /* AppDelegate.m in Sources */,
				78CCC0851BEC4E19003A3B5C /* KRBeaconOne.m in Sources */,
				78CCC0841BEC4E19003A3B5C /* KRBeaconFinder.m in Sources */,
				78CCC0821BEC4E19003A3B5C /* KRBeaconCentral.m in Sources */,
				78CCC0831BEC4E19003A3B5C /* KRBeaconPeripheral.m in Sources */,
				78CCC0631BEC4E07003A3B5C /* main.m in Sources */,
			);
			runOnlyForDeploymentPostprocessing = 0;
		};
/* End PBXSourcesBuildPhase section */

/* Begin PBXVariantGroup section */
		78CCC06A1BEC4E07003A3B5C /* Main.storyboard */ = {
			isa = PBXVariantGroup;
			children = (
				78CCC06B1BEC4E07003A3B5C /* Base */,
			);
			name = Main.storyboard;
			sourceTree = "<group>";
		};
		78CCC06F1BEC4E07003A3B5C /* LaunchScreen.storyboard */ = {
			isa = PBXVariantGroup;
			children = (
				78CCC0701BEC4E07003A3B5C /* Base */,
			);
			name = LaunchScreen.storyboard;
			sourceTree = "<group>";
		};
/* End PBXVariantGroup section */

/* Begin XCBuildConfiguration section */
		78CCC0731BEC4E07003A3B5C /* Debug */ = {
			isa = XCBuildConfiguration;
			buildSettings = {
				ALWAYS_SEARCH_USER_PATHS = NO;
				CLANG_CXX_LANGUAGE_STANDARD = "gnu++0x";
				CLANG_CXX_LIBRARY = "libc++";
				CLANG_ENABLE_MODULES = YES;
				CLANG_ENABLE_OBJC_ARC = YES;
				CLANG_WARN_BOOL_CONVERSION = YES;
				CLANG_WARN_CONSTANT_CONVERSION = YES;
				CLANG_WARN_DIRECT_OBJC_ISA_USAGE = YES_ERROR;
				CLANG_WARN_EMPTY_BODY = YES;
				CLANG_WARN_ENUM_CONVERSION = YES;
				CLANG_WARN_INT_CONVERSION = YES;
				CLANG_WARN_OBJC_ROOT_CLASS = YES_ERROR;
				CLANG_WARN_UNREACHABLE_CODE = YES;
				CLANG_WARN__DUPLICATE_METHOD_MATCH = YES;
				"CODE_SIGN_IDENTITY[sdk=iphoneos*]" = "iPhone Developer";
				COPY_PHASE_STRIP = NO;
				DEBUG_INFORMATION_FORMAT = dwarf;
				ENABLE_STRICT_OBJC_MSGSEND = YES;
				ENABLE_TESTABILITY = YES;
				GCC_C_LANGUAGE_STANDARD = gnu99;
				GCC_DYNAMIC_NO_PIC = NO;
				GCC_NO_COMMON_BLOCKS = YES;
				GCC_OPTIMIZATION_LEVEL = 0;
				GCC_PREPROCESSOR_DEFINITIONS = (
					"DEBUG=1",
					"$(inherited)",
				);
				GCC_WARN_64_TO_32_BIT_CONVERSION = YES;
				GCC_WARN_ABOUT_RETURN_TYPE = YES_ERROR;
				GCC_WARN_UNDECLARED_SELECTOR = YES;
				GCC_WARN_UNINITIALIZED_AUTOS = YES_AGGRESSIVE;
				GCC_WARN_UNUSED_FUNCTION = YES;
				GCC_WARN_UNUSED_VARIABLE = YES;
				IPHONEOS_DEPLOYMENT_TARGET = 9.1;
				MTL_ENABLE_DEBUG_INFO = YES;
				ONLY_ACTIVE_ARCH = YES;
				SDKROOT = iphoneos;
			};
			name = Debug;
		};
		78CCC0741BEC4E07003A3B5C /* Release */ = {
			isa = XCBuildConfiguration;
			buildSettings = {
				ALWAYS_SEARCH_USER_PATHS = NO;
				CLANG_CXX_LANGUAGE_STANDARD = "gnu++0x";
				CLANG_CXX_LIBRARY = "libc++";
				CLANG_ENABLE_MODULES = YES;
				CLANG_ENABLE_OBJC_ARC = YES;
				CLANG_WARN_BOOL_CONVERSION = YES;
				CLANG_WARN_CONSTANT_CONVERSION = YES;
				CLANG_WARN_DIRECT_OBJC_ISA_USAGE = YES_ERROR;
				CLANG_WARN_EMPTY_BODY = YES;
				CLANG_WARN_ENUM_CONVERSION = YES;
				CLANG_WARN_INT_CONVERSION = YES;
				CLANG_WARN_OBJC_ROOT_CLASS = YES_ERROR;
				CLANG_WARN_UNREACHABLE_CODE = YES;
				CLANG_WARN__DUPLICATE_METHOD_MATCH = YES;
				"CODE_SIGN_IDENTITY[sdk=iphoneos*]" = "iPhone Developer";
				COPY_PHASE_STRIP = NO;
				DEBUG_INFORMATION_FORMAT = "dwarf-with-dsym";
				ENABLE_NS_ASSERTIONS = NO;
				ENABLE_STRICT_OBJC_MSGSEND = YES;
				GCC_C_LANGUAGE_STANDARD = gnu99;
				GCC_NO_COMMON_BLOCKS = YES;
				GCC_WARN_64_TO_32_BIT_CONVERSION = YES;
				GCC_WARN_ABOUT_RETURN_TYPE = YES_ERROR;
				GCC_WARN_UNDECLARED_SELECTOR = YES;
				GCC_WARN_UNINITIALIZED_AUTOS = YES_AGGRESSIVE;
				GCC_WARN_UNUSED_FUNCTION = YES;
				GCC_WARN_UNUSED_VARIABLE = YES;
				IPHONEOS_DEPLOYMENT_TARGET = 9.1;
				MTL_ENABLE_DEBUG_INFO = NO;
				SDKROOT = iphoneos;
				VALIDATE_PRODUCT = YES;
			};
			name = Release;
		};
		78CCC0761BEC4E07003A3B5C /* Debug */ = {
			isa = XCBuildConfiguration;
			buildSettings = {
				ASSETCATALOG_COMPILER_APPICON_NAME = AppIcon;
				INFOPLIST_FILE = "iBeaconDemo-Objc/Info.plist";
				LD_RUNPATH_SEARCH_PATHS = "$(inherited) @executable_path/Frameworks";
				PRODUCT_BUNDLE_IDENTIFIER = "com.sailcore.iBeaconDemo-Objc";
				PRODUCT_NAME = "$(TARGET_NAME)";
			};
			name = Debug;
		};
		78CCC0771BEC4E07003A3B5C /* Release */ = {
			isa = XCBuildConfiguration;
			buildSettings = {
				ASSETCATALOG_COMPILER_APPICON_NAME = AppIcon;
				INFOPLIST_FILE = "iBeaconDemo-Objc/Info.plist";
				LD_RUNPATH_SEARCH_PATHS = "$(inherited) @executable_path/Frameworks";
				PRODUCT_BUNDLE_IDENTIFIER = "com.sailcore.iBeaconDemo-Objc";
				PRODUCT_NAME = "$(TARGET_NAME)";
			};
			name = Release;
		};
/* End XCBuildConfiguration section */

/* Begin XCConfigurationList section */
		78CCC0591BEC4E07003A3B5C /* Build configuration list for PBXProject "iBeaconDemo-Objc" */ = {
			isa = XCConfigurationList;
			buildConfigurations = (
				78CCC0731BEC4E07003A3B5C /* Debug */,
				78CCC0741BEC4E07003A3B5C /* Release */,
			);
			defaultConfigurationIsVisible = 0;
			defaultConfigurationName = Release;
		};
		78CCC0751BEC4E07003A3B5C /* Build configuration list for PBXNativeTarget "iBeaconDemo-Objc" */ = {
			isa = XCConfigurationList;
			buildConfigurations = (
				78CCC0761BEC4E07003A3B5C /* Debug */,
				78CCC0771BEC4E07003A3B5C /* Release */,
			);
			defaultConfigurationIsVisible = 0;
		};
/* End XCConfigurationList section */
	};
	rootObject = 78CCC0561BEC4E07003A3B5C /* Project object */;
}
