// !$*UTF8*$!
{
	archiveVersion = 1;
	classes = {
	};
	objectVersion = 46;
	objects = {

/* Begin PBXBuildFile section */
		78CCA9381BEB4099001B913D /* AppDelegate.swift in Sources */ = {isa = PBXBuildFile; fileRef = 78CCA9371BEB4099001B913D /* AppDelegate.swift */; };
		78CCA93A1BEB4099001B913D /* ViewController.swift in Sources */ = {isa = PBXBuildFile; fileRef = 78CCA9391BEB4099001B913D /* ViewController.swift */; };
		78CCA93D1BEB4099001B913D /* Main.storyboard in Resources */ = {isa = PBXBuildFile; fileRef = 78CCA93B1BEB4099001B913D /* Main.storyboard */; };
		78CCA93F1BEB4099001B913D /* Assets.xcassets in Resources */ = {isa = PBXBuildFile; fileRef = 78CCA93E1BEB4099001B913D /* Assets.xcassets */; };
		78CCA9421BEB4099001B913D /* LaunchScreen.storyboard in Resources */ = {isa = PBXBuildFile; fileRef = 78CCA9401BEB4099001B913D /* LaunchScreen.storyboard */; };
		78CCA9531BEB4139001B913D /* KRBeaconCentral.m in Sources */ = {isa = PBXBuildFile; fileRef = 78CCA94C1BEB4139001B913D /* KRBeaconCentral.m */; };
		78CCA9541BEB4139001B913D /* KRBeaconPeripheral.m in Sources */ = {isa = PBXBuildFile; fileRef = 78CCA94E1BEB4139001B913D /* KRBeaconPeripheral.m */; };
		78CCA9551BEB4139001B913D /* KRBeaconFinder.m in Sources */ = {isa = PBXBuildFile; fileRef = 78CCA9501BEB4139001B913D /* KRBeaconFinder.m */; };
		78CCA9561BEB4139001B913D /* KRBeaconOne.m in Sources */ = {isa = PBXBuildFile; fileRef = 78CCA9521BEB4139001B913D /* KRBeaconOne.m */; };
/* End PBXBuildFile section */

/* Begin PBXFileReference section */
		78CCA9341BEB4098001B913D /* iBeaconDemo.app */ = {isa = PBXFileReference; explicitFileType = wrapper.application; includeInIndex = 0; path = iBeaconDemo.app; sourceTree = BUILT_PRODUCTS_DIR; };
		78CCA9371BEB4099001B913D /* AppDelegate.swift */ = {isa = PBXFileReference; lastKnownFileType = sourcecode.swift; path = AppDelegate.swift; sourceTree = "<group>"; };
		78CCA9391BEB4099001B913D /* ViewController.swift */ = {isa = PBXFileReference; lastKnownFileType = sourcecode.swift; path = ViewController.swift; sourceTree = "<group>"; };
		78CCA93C1BEB4099001B913D /* Base */ = {isa = PBXFileReference; lastKnownFileType = file.storyboard; name = Base; path = Base.lproj/Main.storyboard; sourceTree = "<group>"; };
		78CCA93E1BEB4099001B913D /* Assets.xcassets */ = {isa = PBXFileReference; lastKnownFileType = folder.assetcatalog; path = Assets.xcassets; sourceTree = "<group>"; };
		78CCA9411BEB4099001B913D /* Base */ = {isa = PBXFileReference; lastKnownFileType = file.storyboard; name = Base; path = Base.lproj/LaunchScreen.storyboard; sourceTree = "<group>"; };
		78CCA9431BEB4099001B913D /* Info.plist */ = {isa = PBXFileReference; lastKnownFileType = text.plist.xml; path = Info.plist; sourceTree = "<group>"; };
		78CCA94B1BEB4139001B913D /* KRBeaconCentral.h */ = {isa = PBXFileReference; fileEncoding = 4; lastKnownFileType = sourcecode.c.h; path = KRBeaconCentral.h; sourceTree = "<group>"; };
		78CCA94C1BEB4139001B913D /* KRBeaconCentral.m */ = {isa = PBXFileReference; fileEncoding = 4; lastKnownFileType = sourcecode.c.objc; path = KRBeaconCentral.m; sourceTree = "<group>"; };
		78CCA94D1BEB4139001B913D /* KRBeaconPeripheral.h */ = {isa = PBXFileReference; fileEncoding = 4; lastKnownFileType = sourcecode.c.h; path = KRBeaconPeripheral.h; sourceTree = "<group>"; };
		78CCA94E1BEB4139001B913D /* KRBeaconPeripheral.m */ = {isa = PBXFileReference; fileEncoding = 4; lastKnownFileType = sourcecode.c.objc; path = KRBeaconPeripheral.m; sourceTree = "<group>"; };
		78CCA94F1BEB4139001B913D /* KRBeaconFinder.h */ = {isa = PBXFileReference; fileEncoding = 4; lastKnownFileType = sourcecode.c.h; path = KRBeaconFinder.h; sourceTree = "<group>"; };
		78CCA9501BEB4139001B913D /* KRBeaconFinder.m */ = {isa = PBXFileReference; fileEncoding = 4; lastKnownFileType = sourcecode.c.objc; path = KRBeaconFinder.m; sourceTree = "<group>"; };
		78CCA9511BEB4139001B913D /* KRBeaconOne.h */ = {isa = PBXFileReference; fileEncoding = 4; lastKnownFileType = sourcecode.c.h; path = KRBeaconOne.h; sourceTree = "<group>"; };
		78CCA9521BEB4139001B913D /* KRBeaconOne.m */ = {isa = PBXFileReference; fileEncoding = 4; lastKnownFileType = sourcecode.c.objc; path = KRBeaconOne.m; sourceTree = "<group>"; };
		78CCA9581BEB42FC001B913D /* Bridging-Header.h */ = {isa = PBXFileReference; fileEncoding = 4; lastKnownFileType = sourcecode.c.h; path = "Bridging-Header.h"; sourceTree = "<group>"; };
/* End PBXFileReference section */

/* Begin PBXFrameworksBuildPhase section */
		78CCA9311BEB4098001B913D /* Frameworks */ = {
			isa = PBXFrameworksBuildPhase;
			buildActionMask = 2147483647;
			files = (
			);
			runOnlyForDeploymentPostprocessing = 0;
		};
/* End PBXFrameworksBuildPhase section */

/* Begin PBXGroup section */
		78CCA92B1BEB4098001B913D = {
			isa = PBXGroup;
			children = (
				78CCA9581BEB42FC001B913D /* Bridging-Header.h */,
				78CCA9491BEB4139001B913D /* KRBeaconFinder */,
				78CCA9361BEB4099001B913D /* iBeaconDemo */,
				78CCA9351BEB4098001B913D /* Products */,
			);
			sourceTree = "<group>";
		};
		78CCA9351BEB4098001B913D /* Products */ = {
			isa = PBXGroup;
			children = (
				78CCA9341BEB4098001B913D /* iBeaconDemo.app */,
			);
			name = Products;
			sourceTree = "<group>";
		};
		78CCA9361BEB4099001B913D /* iBeaconDemo */ = {
			isa = PBXGroup;
			children = (
				78CCA9371BEB4099001B913D /* AppDelegate.swift */,
				78CCA9391BEB4099001B913D /* ViewController.swift */,
				78CCA93B1BEB4099001B913D /* Main.storyboard */,
				78CCA93E1BEB4099001B913D /* Assets.xcassets */,
				78CCA9401BEB4099001B913D /* LaunchScreen.storyboard */,
				78CCA9431BEB4099001B913D /* Info.plist */,
			);
			path = iBeaconDemo;
			sourceTree = "<group>";
		};
		78CCA9491BEB4139001B913D /* KRBeaconFinder */ = {
			isa = PBXGroup;
			children = (
				78CCA94A1BEB4139001B913D /* BLE */,
				78CCA94F1BEB4139001B913D /* KRBeaconFinder.h */,
				78CCA9501BEB4139001B913D /* KRBeaconFinder.m */,
				78CCA9511BEB4139001B913D /* KRBeaconOne.h */,
				78CCA9521BEB4139001B913D /* KRBeaconOne.m */,
			);
			name = KRBeaconFinder;
			path = ../KRBeaconFinder;
			sourceTree = "<group>";
		};
		78CCA94A1BEB4139001B913D /* BLE */ = {
			isa = PBXGroup;
			children = (
				78CCA94B1BEB4139001B913D /* KRBeaconCentral.h */,
				78CCA94C1BEB4139001B913D /* KRBeaconCentral.m */,
				78CCA94D1BEB4139001B913D /* KRBeaconPeripheral.h */,
				78CCA94E1BEB4139001B913D /* KRBeaconPeripheral.m */,
			);
			path = BLE;
			sourceTree = "<group>";
		};
/* End PBXGroup section */

/* Begin PBXNativeTarget section */
		78CCA9331BEB4098001B913D /* iBeaconDemo */ = {
			isa = PBXNativeTarget;
			buildConfigurationList = 78CCA9461BEB4099001B913D /* Build configuration list for PBXNativeTarget "iBeaconDemo" */;
			buildPhases = (
				78CCA9301BEB4098001B913D /* Sources */,
				78CCA9311BEB4098001B913D /* Frameworks */,
				78CCA9321BEB4098001B913D /* Resources */,
			);
			buildRules = (
			);
			dependencies = (
			);
			name = iBeaconDemo;
			productName = iBeaconDemo;
			productReference = 78CCA9341BEB4098001B913D /* iBeaconDemo.app */;
			productType = "com.apple.product-type.application";
		};
/* End PBXNativeTarget section */

/* Begin PBXProject section */
		78CCA92C1BEB4098001B913D /* Project object */ = {
			isa = PBXProject;
			attributes = {
				LastSwiftUpdateCheck = 0710;
				LastUpgradeCheck = 0710;
				ORGANIZATIONNAME = "kan xu";
				TargetAttributes = {
					78CCA9331BEB4098001B913D = {
						CreatedOnToolsVersion = 7.1;
					};
				};
			};
			buildConfigurationList = 78CCA92F1BEB4098001B913D /* Build configuration list for PBXProject "iBeaconDemo" */;
			compatibilityVersion = "Xcode 3.2";
			developmentRegion = English;
			hasScannedForEncodings = 0;
			knownRegions = (
				en,
				Base,
			);
			mainGroup = 78CCA92B1BEB4098001B913D;
			productRefGroup = 78CCA9351BEB4098001B913D /* Products */;
			projectDirPath = "";
			projectRoot = "";
			targets = (
				78CCA9331BEB4098001B913D /* iBeaconDemo */,
			);
		};
/* End PBXProject section */

/* Begin PBXResourcesBuildPhase section */
		78CCA9321BEB4098001B913D /* Resources */ = {
			isa = PBXResourcesBuildPhase;
			buildActionMask = 2147483647;
			files = (
				78CCA9421BEB4099001B913D /* LaunchScreen.storyboard in Resources */,
				78CCA93F1BEB4099001B913D /* Assets.xcassets in Resources */,
				78CCA93D1BEB4099001B913D /* Main.storyboard in Resources */,
			);
			runOnlyForDeploymentPostprocessing = 0;
		};
/* End PBXResourcesBuildPhase section */

/* Begin PBXSourcesBuildPhase section */
		78CCA9301BEB4098001B913D /* Sources */ = {
			isa = PBXSourcesBuildPhase;
			buildActionMask = 2147483647;
			files = (
				78CCA9541BEB4139001B913D /* KRBeaconPeripheral.m in Sources */,
				78CCA93A1BEB4099001B913D /* ViewController.swift in Sources */,
				78CCA9381BEB4099001B913D /* AppDelegate.swift in Sources */,
				78CCA9531BEB4139001B913D /* KRBeaconCentral.m in Sources */,
				78CCA9551BEB4139001B913D /* KRBeaconFinder.m in Sources */,
				78CCA9561BEB4139001B913D /* KRBeaconOne.m in Sources */,
			);
			runOnlyForDeploymentPostprocessing = 0;
		};
/* End PBXSourcesBuildPhase section */

/* Begin PBXVariantGroup section */
		78CCA93B1BEB4099001B913D /* Main.storyboard */ = {
			isa = PBXVariantGroup;
			children = (
				78CCA93C1BEB4099001B913D /* Base */,
			);
			name = Main.storyboard;
			sourceTree = "<group>";
		};
		78CCA9401BEB4099001B913D /* LaunchScreen.storyboard */ = {
			isa = PBXVariantGroup;
			children = (
				78CCA9411BEB4099001B913D /* Base */,
			);
			name = LaunchScreen.storyboard;
			sourceTree = "<group>";
		};
/* End PBXVariantGroup section */

/* Begin XCBuildConfiguration section */
		78CCA9441BEB4099001B913D /* Debug */ = {
			isa = XCBuildConfiguration;
			buildSettings = {
				ALWAYS_SEARCH_USER_PATHS = NO;
				CLANG_CXX_LANGUAGE_STANDARD = "gnu++0x";
				CLANG_CXX_LIBRARY = "libc++";
				CLANG_ENABLE_MODULES = YES;
				CLANG_ENABLE_OBJC_ARC = YES;
				CLANG_WARN_BOOL_CONVERSION = YES;
				CLANG_WARN_CONSTANT_CONVERSION = YES;
				CLANG_WARN_DIRECT_OBJC_ISA_USAGE = YES_ERROR;
				CLANG_WARN_EMPTY_BODY = YES;
				CLANG_WARN_ENUM_CONVERSION = YES;
				CLANG_WARN_INT_CONVERSION = YES;
				CLANG_WARN_OBJC_ROOT_CLASS = YES_ERROR;
				CLANG_WARN_UNREACHABLE_CODE = YES;
				CLANG_WARN__DUPLICATE_METHOD_MATCH = YES;
				"CODE_SIGN_IDENTITY[sdk=iphoneos*]" = "iPhone Developer";
				COPY_PHASE_STRIP = NO;
				DEBUG_INFORMATION_FORMAT = dwarf;
				ENABLE_STRICT_OBJC_MSGSEND = YES;
				ENABLE_TESTABILITY = YES;
				GCC_C_LANGUAGE_STANDARD = gnu99;
				GCC_DYNAMIC_NO_PIC = NO;
				GCC_NO_COMMON_BLOCKS = YES;
				GCC_OPTIMIZATION_LEVEL = 0;
				GCC_PREPROCESSOR_DEFINITIONS = (
					"DEBUG=1",
					"$(inherited)",
				);
				GCC_WARN_64_TO_32_BIT_CONVERSION = YES;
				GCC_WARN_ABOUT_RETURN_TYPE = YES_ERROR;
				GCC_WARN_UNDECLARED_SELECTOR = YES;
				GCC_WARN_UNINITIALIZED_AUTOS = YES_AGGRESSIVE;
				GCC_WARN_UNUSED_FUNCTION = YES;
				GCC_WARN_UNUSED_VARIABLE = YES;
				IPHONEOS_DEPLOYMENT_TARGET = 9.1;
				MTL_ENABLE_DEBUG_INFO = YES;
				ONLY_ACTIVE_ARCH = YES;
				SDKROOT = iphoneos;
				SWIFT_OPTIMIZATION_LEVEL = "-Onone";
			};
			name = Debug;
		};
		78CCA9451BEB4099001B913D /* Release */ = {
			isa = XCBuildConfiguration;
			buildSettings = {
				ALWAYS_SEARCH_USER_PATHS = NO;
				CLANG_CXX_LANGUAGE_STANDARD = "gnu++0x";
				CLANG_CXX_LIBRARY = "libc++";
				CLANG_ENABLE_MODULES = YES;
				CLANG_ENABLE_OBJC_ARC = YES;
				CLANG_WARN_BOOL_CONVERSION = YES;
				CLANG_WARN_CONSTANT_CONVERSION = YES;
				CLANG_WARN_DIRECT_OBJC_ISA_USAGE = YES_ERROR;
				CLANG_WARN_EMPTY_BODY = YES;
				CLANG_WARN_ENUM_CONVERSION = YES;
				CLANG_WARN_INT_CONVERSION = YES;
				CLANG_WARN_OBJC_ROOT_CLASS = YES_ERROR;
				CLANG_WARN_UNREACHABLE_CODE = YES;
				CLANG_WARN__DUPLICATE_METHOD_MATCH = YES;
				"CODE_SIGN_IDENTITY[sdk=iphoneos*]" = "iPhone Developer";
				COPY_PHASE_STRIP = NO;
				DEBUG_INFORMATION_FORMAT = "dwarf-with-dsym";
				ENABLE_NS_ASSERTIONS = NO;
				ENABLE_STRICT_OBJC_MSGSEND = YES;
				GCC_C_LANGUAGE_STANDARD = gnu99;
				GCC_NO_COMMON_BLOCKS = YES;
				GCC_WARN_64_TO_32_BIT_CONVERSION = YES;
				GCC_WARN_ABOUT_RETURN_TYPE = YES_ERROR;
				GCC_WARN_UNDECLARED_SELECTOR = YES;
				GCC_WARN_UNINITIALIZED_AUTOS = YES_AGGRESSIVE;
				GCC_WARN_UNUSED_FUNCTION = YES;
				GCC_WARN_UNUSED_VARIABLE = YES;
				IPHONEOS_DEPLOYMENT_TARGET = 9.1;
				MTL_ENABLE_DEBUG_INFO = NO;
				SDKROOT = iphoneos;
				VALIDATE_PRODUCT = YES;
			};
			name = Release;
		};
		78CCA9471BEB4099001B913D /* Debug */ = {
			isa = XCBuildConfiguration;
			buildSettings = {
				ASSETCATALOG_COMPILER_APPICON_NAME = AppIcon;
				INFOPLIST_FILE = iBeaconDemo/Info.plist;
				LD_RUNPATH_SEARCH_PATHS = "$(inherited) @executable_path/Frameworks";
				PRODUCT_BUNDLE_IDENTIFIER = com.sailcore.iBeaconDemo;
				PRODUCT_NAME = "$(TARGET_NAME)";
				SWIFT_OBJC_BRIDGING_HEADER = "Bridging-Header.h";
			};
			name = Debug;
		};
		78CCA9481BEB4099001B913D /* Release */ = {
			isa = XCBuildConfiguration;
			buildSettings = {
				ASSETCATALOG_COMPILER_APPICON_NAME = AppIcon;
				INFOPLIST_FILE = iBeaconDemo/Info.plist;
				LD_RUNPATH_SEARCH_PATHS = "$(inherited) @executable_path/Frameworks";
				PRODUCT_BUNDLE_IDENTIFIER = com.sailcore.iBeaconDemo;
				PRODUCT_NAME = "$(TARGET_NAME)";
				SWIFT_OBJC_BRIDGING_HEADER = "Bridging-Header.h";
			};
			name = Release;
		};
/* End XCBuildConfiguration section */

/* Begin XCConfigurationList section */
		78CCA92F1BEB4098001B913D /* Build configuration list for PBXProject "iBeaconDemo" */ = {
			isa = XCConfigurationList;
			buildConfigurations = (
				78CCA9441BEB4099001B913D /* Debug */,
				78CCA9451BEB4099001B913D /* Release */,
			);
			defaultConfigurationIsVisible = 0;
			defaultConfigurationName = Release;
		};
		78CCA9461BEB4099001B913D /* Build configuration list for PBXNativeTarget "iBeaconDemo" */ = {
			isa = XCConfigurationList;
			buildConfigurations = (
				78CCA9471BEB4099001B913D /* Debug */,
				78CCA9481BEB4099001B913D /* Release */,
			);
			defaultConfigurationIsVisible = 0;
			defaultConfigurationName = Release;
		};
/* End XCConfigurationList section */
	};
	rootObject = 78CCA92C1BEB4098001B913D /* Project object */;
}
